<Solution>
  <Project Path="LyrionVoiceMcp.Abstractions/LyrionVoiceMcp.Abstractions.csproj" />
  <Project Path="LyrionVoiceMcp.Api/LyrionVoiceMcp.Api.csproj" />
  <Project Path="LyrionVoiceMcp.Api.Tests/LyrionVoiceMcp.Api.Tests.csproj" />
  <Project Path="LyrionVoiceMcp.Contracts/LyrionVoiceMcp.Contracts.csproj" />
  <Project Path="LyrionVoiceMcp.Dev/LyrionVoiceMcp.Dev.csproj" />
  <Project Path="LyrionVoiceMcp.Dev.Tests/LyrionVoiceMcp.Dev.Tests.csproj" />
  <Project Path="LyrionVoiceMcp.Evaluation/LyrionVoiceMcp.Evaluation.csproj" />
  <Project Path="LyrionVoiceMcp.Evaluation.Tests/LyrionVoiceMcp.Evaluation.Tests.csproj" />
  <Project Path="LyrionVoiceMcp.Lms/LyrionVoiceMcp.Lms.csproj" />
  <Project Path="LyrionVoiceMcp.Lms.Tests/LyrionVoiceMcp.Lms.Tests.csproj" />
  <Project Path="LyrionVoiceMcp.Persistence/LyrionVoiceMcp.Persistence.csproj" />
  <Project Path="LyrionVoiceMcp.Persistence.Tests/LyrionVoiceMcp.Persistence.Tests.csproj" />
  <Project Path="LyrionVoiceMcp.Services/LyrionVoiceMcp.Services.csproj" />
  <Project Path="LyrionVoiceMcp.Services.Tests/LyrionVoiceMcp.Services.Tests.csproj" />
</Solution>
