{
  "version": 1,
  "dependencies": {
    "net10.0": {
      "ModelContextProtocol.AspNetCore": {
        "type": "Direct",
        "requested": "[2.1.0, )",
        "resolved": "2.1.0",
        "contentHash": "yhJ8bBXIgrX0mAgRYRgzcbH3bLdv3MDSkG52utRW9EAAtQrPw/g7Q/T6EurxKV+L+Zefv8VVUYcNbXEOd9GgfA==",
        "dependencies": {
          "ModelContextProtocol": "[2.1.0]"
        }
      },
      "Cronos": {
        "type": "Transitive",
        "resolved": "0.13.0",
        "contentHash": "Nkve+Yi0+ol3ntSBRHeW0ka9cJQ8vndSUvvkXqF9LVqwpoqWueyxu/HS275r98RDOmF7/mzRnZW5XXUBXob+TA=="
      },
      "J2N": {
        "type": "Transitive",
        "resolved": "2.1.0",
        "contentHash": "Vooz1wbnnqWuS+u93tADXK5Owxo8vLJhSrZ9Ac+KpgDF3GJq9TybXXTF1TFcWILgEtRThc8AOBENEzB0TQH1JA=="
      },
      "Lucene.Net": {
        "type": "Transitive",
        "resolved": "4.8.0-beta00018",
        "contentHash": "iBkkpkDbAHjpZ0dnukFnWnjxSNmsRHOSxrYBBKbtcYJZ8PQRrKsqGGyNm8xmh4ORvsJ1WM7i5A9whiyA8WhNrQ==",
        "dependencies": {
          "J2N": "[2.1.0, 3.0.0)"
        }
      },
      "Lucene.Net.Analysis.Common": {
        "type": "Transitive",
        "resolved": "4.8.0-beta00018",
        "contentHash": "35M1i4enb8rVeqXiKgDJzgqYDa5VtpgI2sK5gYg1Yd9kmpjPmaLHgN9/rGyHd67XWhT7fh0X8UuXu70PH58pcA==",
        "dependencies": {
          "Lucene.Net": "4.8.0-beta00018"
        }
      },
      "Lucene.Net.Analysis.Phonetic": {
        "type": "Transitive",
        "resolved": "4.8.0-beta00018",
        "contentHash": "2oac64GQNPctTYJsEO3cJY1VJkAxVKs290hNNKEW3tQhjlMdsW1C9k0rh1QPRZSBF895RZ0azw2TN8ineGqI+Q==",
        "dependencies": {
          "Lucene.Net": "4.8.0-beta00018",
          "Lucene.Net.Analysis.Common": "4.8.0-beta00018"
        }
      },
      "Microsoft.Data.Sqlite": {
        "type": "Transitive",
        "resolved": "10.0.11",
        "contentHash": "7je7UELzm131GiLYc4PpZvfKXIgIyzPM+v+tjcd/nbnuWRfgcONYKzDTqJlURxwVCFsVnlpmq6y6yn4qvR8QXQ==",
        "dependencies": {
          "Microsoft.Data.Sqlite.Core": "10.0.11",
          "SQLitePCLRaw.bundle_e_sqlite3": "2.1.12",
          "SQLitePCLRaw.core": "2.1.12"
        }
      },
      "Microsoft.Data.Sqlite.Core": {
        "type": "Transitive",
        "resolved": "10.0.11",
        "contentHash": "hubA20AGenQ4Sx0ElWaPpB8DISjXpdx463+1zOGRslsT0e/t/06ITv+pHsop8CcJ0d8PZLfgnT7juCDVD79Dkw==",
        "dependencies": {
          "SQLitePCLRaw.core": "2.1.12"
        }
      },
      "Microsoft.Extensions.AI.Abstractions": {
        "type": "Transitive",
        "resolved": "10.8.3",
        "contentHash": "K0B05oApxmviWalNHPMBBcRC7erKiDATz3ENNR/jqTR9JwIwLRefgDhj2jCRwL1aca99pXUe0qyQC73/xIuZig=="
      },
      "ModelContextProtocol": {
        "type": "Transitive",
        "resolved": "2.1.0",
        "contentHash": "Oa4rU7EL9C2qyFjQj1dx+ysGMzfWDRpM8RRaUMmLGs5vPvfJ9xyz4ZtyF4ychY+Nx1b/auGCqIQLqSz/IpPkKA==",
        "dependencies": {
          "ModelContextProtocol.Core": "[2.1.0]"
        }
      },
      "ModelContextProtocol.Core": {
        "type": "Transitive",
        "resolved": "2.1.0",
        "contentHash": "cU/urrhRxE4/iSyBIJI7QOaFqSP1FOEnwEHsct9n6t6/XluCAFD9iqnrPkBAsEYr+f/G4tVQ21U+6wN/6fQvOg==",
        "dependencies": {
          "Microsoft.Extensions.AI.Abstractions": "10.8.3"
        }
      },
      "SQLitePCLRaw.bundle_e_sqlite3": {
        "type": "Transitive",
        "resolved": "2.1.12",
        "contentHash": "mAgscpQMLw5/nfA1Q5oJVAT29yROUo1ifZGbbTpx/lwZpSxMUGoYbKfmvdm8oXER+RzxqBmmQzeBEVKfeHv2nw==",
        "dependencies": {
          "SQLitePCLRaw.lib.e_sqlite3": "2.1.12",
          "SQLitePCLRaw.provider.e_sqlite3": "2.1.12"
        }
      },
      "SQLitePCLRaw.core": {
        "type": "Transitive",
        "resolved": "2.1.12",
        "contentHash": "ETpNw9DY3ckWLgRRAeCHj+GKOuPi61aeczkXhgHexUvqoZBAYg8RYESE2J7O1M7+o6QbdSEZwrw9bfqztUVWXg=="
      },
      "SQLitePCLRaw.lib.e_sqlite3": {
        "type": "Transitive",
        "resolved": "2.1.12",
        "contentHash": "fWi8Dbknuhgg72fWinIdjXVaqO1hHL4YBBwVLnr7e1c9TAZwJ0QE38j9syW1hwx6HaqEVTwI+O07WPdZn8Rp0w=="
      },
      "SQLitePCLRaw.provider.e_sqlite3": {
        "type": "Transitive",
        "resolved": "2.1.12",
        "contentHash": "W3oH4XIfCzFrgUSDKHhN6N+dgzA5YHOR2VxX8GB6Qy7CyrJJgxPEG8NirgYWlPQC5P2jz2knSsexWu4tDUL33g==",
        "dependencies": {
          "SQLitePCLRaw.core": "2.1.12"
        }
      },
      "lyrionvoicemcp.abstractions": {
        "type": "Project"
      },
      "lyrionvoicemcp.contracts": {
        "type": "Project"
      },
      "lyrionvoicemcp.evaluation": {
        "type": "Project",
        "dependencies": {
          "Lucene.Net": "[4.8.0-beta00018, )",
          "Lucene.Net.Analysis.Common": "[4.8.0-beta00018, )",
          "Lucene.Net.Analysis.Phonetic": "[4.8.0-beta00018, )",
          "LyrionVoiceMcp.Abstractions": "[0.1.0, )",
          "LyrionVoiceMcp.Lms": "[0.1.0, )",
          "LyrionVoiceMcp.Persistence": "[0.1.0, )",
          "Microsoft.Data.Sqlite": "[10.0.11, )"
        }
      },
      "lyrionvoicemcp.lms": {
        "type": "Project",
        "dependencies": {
          "LyrionVoiceMcp.Abstractions": "[0.1.0, )"
        }
      },
      "lyrionvoicemcp.persistence": {
        "type": "Project",
        "dependencies": {
          "LyrionVoiceMcp.Abstractions": "[0.1.0, )",
          "Microsoft.Data.Sqlite": "[10.0.11, )"
        }
      },
      "lyrionvoicemcp.services": {
        "type": "Project",
        "dependencies": {
          "Cronos": "[0.13.0, )",
          "LyrionVoiceMcp.Abstractions": "[0.1.0, )"
        }
      }
    }
  }
}